{
    "hash": "d495cd49e30c5f264cfc30d8b3daeeb3",
    "packages": [
        {
            "name": "doctrine/common",
            "version": "2.3.x-dev",
            "source": {
                "type": "git",
                "url": "https://github.com/doctrine/common",
                "reference": "bb0aebbf234db52df476a2b473d434745b34221c"
            },
            "dist": {
                "type": "zip",
                "url": "https://github.com/doctrine/common/archive/bb0aebbf234db52df476a2b473d434745b34221c.zip",
                "reference": "bb0aebbf234db52df476a2b473d434745b34221c",
                "shasum": ""
            },
            "require": {
                "php": ">=5.3.2"
            },
            "time": "2012-09-20 05:55:18",
            "type": "library",
            "extra": {
                "branch-alias": {
                    "dev-master": "2.3.x-dev"
                }
            },
            "autoload": {
                "psr-0": {
                    "Doctrine\\Common": "lib/"
                }
            },
            "notification-url": "https://packagist.org/downloads/",
            "license": [
                "MIT"
            ],
            "authors": [
                {
                    "name": "Jonathan Wage",
                    "email": "jonwage@gmail.com",
                    "homepage": "http://www.jwage.com/"
                },
                {
                    "name": "Guilherme Blanco",
                    "email": "guilhermeblanco@gmail.com",
                    "homepage": "http://www.instaclick.com"
                },
                {
                    "name": "Roman Borschel",
                    "email": "roman@code-factory.org"
                },
                {
                    "name": "Benjamin Eberlei",
                    "email": "kontakt@beberlei.de"
                },
                {
                    "name": "Johannes Schmitt",
                    "email": "schmittjoh@gmail.com",
                    "homepage": "https://github.com/schmittjoh",
                    "role": "Developer of wrapped JMSSerializerBundle"
                }
            ],
            "description": "Common Library for Doctrine projects",
            "homepage": "http://www.doctrine-project.org",
            "keywords": [
                "collections",
                "spl",
                "eventmanager",
                "annotations",
                "persistence"
            ]
        },
        {
            "name": "imagine/Imagine",
            "version": "v0.2.8",
            "source": {
                "type": "git",
                "url": "https://github.com/avalanche123/Imagine",
                "reference": "v0.2.8"
            },
            "dist": {
                "type": "zip",
                "url": "https://github.com/avalanche123/Imagine/zipball/v0.2.8",
                "reference": "v0.2.8",
                "shasum": ""
            },
            "require": {
                "php": ">=5.3.2"
            },
            "time": "2011-11-29 23:38:41",
            "type": "library",
            "autoload": {
                "psr-0": {
                    "Imagine": "lib/"
                }
            },
            "notification-url": "https://packagist.org/downloads/",
            "license": [
                "MIT"
            ],
            "authors": [
                {
                    "name": "Bulat Shakirzyanov",
                    "email": "mallluhuct@gmail.com",
                    "homepage": "http://avalanche123.com"
                }
            ],
            "description": "Image processing for PHP 5.3",
            "homepage": "http://imagine.readthedocs.org/",
            "keywords": [
                "image manipulation",
                "image processing",
                "drawing",
                "graphics"
            ]
        },
        {
            "name": "jms/aop-bundle",
            "version": "1.0.0",
            "target-dir": "JMS/AopBundle",
            "source": {
                "type": "git",
                "url": "https://github.com/schmittjoh/JMSAopBundle",
                "reference": "1.0.0"
            },
            "dist": {
                "type": "zip",
                "url": "https://github.com/schmittjoh/JMSAopBundle/zipball/1.0.0",
                "reference": "1.0.0",
                "shasum": ""
            },
            "require": {
                "symfony/framework-bundle": "2.*",
                "jms/cg": "1.0.0"
            },
            "time": "2012-01-02 12:50:26",
            "type": "symfony-bundle",
            "autoload": {
                "psr-0": {
                    "JMS\\AopBundle": ""
                }
            },
            "notification-url": "https://packagist.org/downloads/",
            "license": [
                "Apache"
            ],
            "authors": [
                {
                    "name": "Johannes M. Schmitt",
                    "email": "schmittjoh@gmail.com",
                    "homepage": "https://github.com/schmittjoh",
                    "role": "Developer of wrapped JMSSerializerBundle"
                }
            ],
            "description": "Adds AOP capabilities to Symfony2",
            "keywords": [
                "annotations",
                "aop"
            ]
        },
        {
            "name": "jms/cg",
            "version": "1.0.0",
            "source": {
                "type": "git",
                "url": "git://github.com/schmittjoh/cg-library.git",
                "reference": "1.0.0"
            },
            "dist": {
                "type": "zip",
                "url": "https://github.com/schmittjoh/cg-library/zipball/1.0.0",
                "reference": "1.0.0",
                "shasum": ""
            },
            "require": {
                "php": ">=5.3.0"
            },
            "time": "2012-01-02 12:40:52",
            "type": "library",
            "autoload": {
                "psr-0": {
                    "CG\\": "src/"
                }
            },
            "notification-url": "https://packagist.org/downloads/",
            "license": [
                "Apache"
            ],
            "authors": [
                {
                    "name": "Johannes M. Schmitt",
                    "email": "schmittjoh@gmail.com",
                    "homepage": "https://github.com/schmittjoh",
                    "role": "Developer of wrapped JMSSerializerBundle"
                }
            ],
            "description": "Toolset for generating PHP code",
            "keywords": [
                "code generation"
            ]
        },
        {
            "name": "jms/di-extra-bundle",
            "version": "1.1.x-dev",
            "target-dir": "JMS/DiExtraBundle",
            "source": {
                "type": "git",
                "url": "https://github.com/schmittjoh/JMSDiExtraBundle",
                "reference": "1.1.1"
            },
            "dist": {
                "type": "zip",
                "url": "https://github.com/schmittjoh/JMSDiExtraBundle/archive/1.1.1.zip",
                "reference": "1.1.1",
                "shasum": ""
            },
            "require": {
                "symfony/framework-bundle": "2.1.*",
                "jms/aop-bundle": "1.0.*",
                "jms/metadata": "1.1.*",
                "symfony/process": "2.1.*",
                "symfony/finder": "2.1.*"
            },
            "require-dev": {
                "jms/security-extra-bundle": "1.*",
                "symfony/validator": "*",
                "symfony/form": "*",
                "symfony/class-loader": "*",
                "symfony/yaml": "*",
                "symfony/browser-kit": "*",
                "symfony/security-bundle": "*",
                "symfony/twig-bundle": "*",
                "sensio/framework-extra-bundle": "*",
                "doctrine/doctrine-bundle": "*",
                "doctrine/orm": "*"
            },
            "time": "2012-09-21 08:56:32",
            "type": "symfony-bundle",
            "autoload": {
                "psr-0": {
                    "JMS\\DiExtraBundle": ""
                }
            },
            "notification-url": "https://packagist.org/downloads/",
            "license": [
                "Apache"
            ],
            "authors": [
                {
                    "name": "Johannes M. Schmitt",
                    "email": "schmittjoh@gmail.com",
                    "homepage": "https://github.com/schmittjoh",
                    "role": "Developer of wrapped JMSSerializerBundle"
                }
            ],
            "description": "Allows to configure dependency injection using annotations",
            "homepage": "http://jmsyst.com/bundles/JMSDiExtraBundle",
            "keywords": [
                "dependency injection",
                "annotations"
            ]
        },
        {
            "name": "jms/metadata",
            "version": "1.1.1",
            "source": {
                "type": "git",
                "url": "https://github.com/schmittjoh/metadata",
                "reference": "1.1.1"
            },
            "dist": {
                "type": "zip",
                "url": "https://github.com/schmittjoh/metadata/zipball/1.1.1",
                "reference": "1.1.1",
                "shasum": ""
            },
            "require": {
                "php": ">=5.3.0"
            },
            "time": "2012-01-02 13:32:49",
            "type": "library",
            "autoload": {
                "psr-0": {
                    "Metadata\\": "src/"
                }
            },
            "notification-url": "https://packagist.org/downloads/",
            "license": [
                "Apache"
            ],
            "authors": [
                {
                    "name": "Johannes M. Schmitt",
                    "email": "schmittjoh@gmail.com",
                    "homepage": "https://github.com/schmittjoh",
                    "role": "Developer of wrapped JMSSerializerBundle"
                }
            ],
            "description": "Class/method/property metadata management in PHP",
            "keywords": [
                "annotations",
                "yaml",
                "xml",
                "metadata"
            ]
        },
        {
            "name": "jms/security-extra-bundle",
            "version": "1.2.x-dev",
            "target-dir": "JMS/SecurityExtraBundle",
            "source": {
                "type": "git",
                "url": "https://github.com/schmittjoh/JMSSecurityExtraBundle",
                "reference": "9ab6aceda50fc7a2b07d741ba4b3f0695508afcb"
            },
            "dist": {
                "type": "zip",
                "url": "https://github.com/schmittjoh/JMSSecurityExtraBundle/archive/9ab6aceda50fc7a2b07d741ba4b3f0695508afcb.zip",
                "reference": "9ab6aceda50fc7a2b07d741ba4b3f0695508afcb",
                "shasum": ""
            },
            "require": {
                "symfony/framework-bundle": "2.1.*",
                "symfony/security-bundle": "*",
                "jms/metadata": "1.1.*",
                "jms/aop-bundle": "1.0.*",
                "jms/di-extra-bundle": "1.1.*"
            },
            "require-dev": {
                "sensio/framework-extra-bundle": "*",
                "symfony/class-loader": "*",
                "symfony/yaml": "*",
                "symfony/browser-kit": "*",
                "symfony/finder": "*",
                "symfony/css-selector": "*",
                "symfony/process": "*",
                "doctrine/doctrine-bundle": "*",
                "symfony/twig-bundle": "*",
                "doctrine/orm": "*",
                "symfony/form": "*",
                "symfony/validator": "*"
            },
            "time": "2012-09-06 16:12:23",
            "type": "symfony-bundle",
            "autoload": {
                "psr-0": {
                    "JMS\\SecurityExtraBundle": ""
                }
            },
            "notification-url": "https://packagist.org/downloads/",
            "license": [
                "Apache2"
            ],
            "authors": [
                {
                    "name": "Johannes M. Schmitt",
                    "email": "schmittjoh@gmail.com",
                    "homepage": "https://github.com/schmittjoh",
                    "role": "Developer of wrapped JMSSerializerBundle"
                }
            ],
            "description": "Enhances the Symfony2 Security Component by adding several new features",
            "homepage": "http://jmsyst.com/bundles/JMSSecurityExtraBundle",
            "keywords": [
                "annotations",
                "authorization",
                "security",
                "secure",
                "expression"
            ]
        },
        {
            "name": "kriswallsmith/assetic",
            "version": "dev-master",
            "source": {
                "type": "git",
                "url": "http://github.com/kriswallsmith/assetic.git",
                "reference": "5591252faa1c7f3299660daebffd63dee2746b7e"
            },
            "dist": {
                "type": "zip",
                "url": "https://github.com/kriswallsmith/assetic/archive/5591252faa1c7f3299660daebffd63dee2746b7e.zip",
                "reference": "5591252faa1c7f3299660daebffd63dee2746b7e",
                "shasum": ""
            },
            "require": {
                "symfony/process": ">=2.1.0,<2.3-dev",
                "php": ">=5.3.1"
            },
            "require-dev": {
                "twig/twig": ">=1.6.0,<2.0",
                "leafo/lessphp": "*",
                "leafo/scssphp": "*",
                "ptachoire/cssembed": "*",
                "leafo/scssphp-compass": "*",
                "cssmin/cssmin": "*",
                "mrclay/minify": "*",
                "kamicane/packager": "*",
                "joliclic/javascript-packer": "*"
            },
            "suggest": {
                "twig/twig": "Assetic provides the integration with the Twig templating engine",
                "leafo/lessphp": "Assetic provides the integration with the lessphp LESS compiler",
                "leafo/scssphp": "Assetic provides the integration with the scssphp SCSS compiler",
                "ptachoire/cssembed": "Assetic provides the integration with phpcssembed to embed data uris",
                "leafo/scssphp-compass": "Assetic provides the integration with the SCSS compass plugin"
            },
            "time": "2013-01-12 22:20:24",
            "type": "library",
            "extra": {
                "branch-alias": {
                    "dev-master": "1.1-dev"
                }
            },
            "autoload": {
                "psr-0": {
                    "Assetic": "src/"
                },
                "files": [
                    "src/functions.php"
                ]
            },
            "notification-url": "https://packagist.org/downloads/",
            "license": [
                "MIT"
            ],
            "authors": [
                {
                    "name": "Kris Wallsmith",
                    "email": "kris.wallsmith@gmail.com",
                    "homepage": "http://kriswallsmith.net/"
                }
            ],
            "description": "Asset Management for PHP",
            "homepage": "https://github.com/kriswallsmith/assetic",
            "keywords": [
                "assets",
                "compression",
                "minification"
            ]
        },
        {
            "name": "monolog/monolog",
            "version": "1.2.1",
            "source": {
                "type": "git",
                "url": "https://github.com/Seldaek/monolog",
                "reference": "1.2.1"
            },
            "dist": {
                "type": "zip",
                "url": "https://github.com/Seldaek/monolog/zipball/1.2.1",
                "reference": "1.2.1",
                "shasum": ""
            },
            "require": {
                "php": ">=5.3.0"
            },
            "require-dev": {
                "mlehner/gelf-php": "1.0.*"
            },
            "suggest": {
                "mlehner/gelf-php": "Allow sending log messages to a GrayLog2 server",
                "ext-amqp": "Allow sending log messages to an AMQP server (1.0+ required)",
                "ext-mongo": "Allow sending log messages to a MongoDB server"
            },
            "time": "2012-08-29 04:53:20",
            "type": "library",
            "extra": {
                "branch-alias": {
                    "dev-master": "1.3.x-dev"
                }
            },
            "autoload": {
                "psr-0": {
                    "Monolog": "src/"
                }
            },
            "notification-url": "https://packagist.org/downloads/",
            "license": [
                "MIT"
            ],
            "authors": [
                {
                    "name": "Jordi Boggiano",
                    "email": "j.boggiano@seld.be",
                    "homepage": "http://seld.be",
                    "role": "Developer"
                }
            ],
            "description": "Logging for PHP 5.3",
            "homepage": "http://github.com/Seldaek/monolog",
            "keywords": [
                "log",
                "logging"
            ]
        },
        {
            "name": "phly/mustache",
            "version": "1.0.0",
            "source": {
                "type": "git",
                "url": "https://github.com/weierophinney/phly_mustache",
                "reference": "1.0.0"
            },
            "dist": {
                "type": "zip",
                "url": "https://github.com/weierophinney/phly_mustache/zipball/1.0.0",
                "reference": "1.0.0",
                "shasum": ""
            },
            "require": {
                "php": ">=5.3.3"
            },
            "time": "2012-03-14 14:06:26",
            "type": "library",
            "autoload": {
                "psr-0": {
                    "Phly": "library/"
                }
            },
            "notification-url": "https://packagist.org/downloads/",
            "authors": [
                {
                    "name": "Matthew Weier O'Phinney",
                    "email": "me@mwop.net",
                    "homepage": "http://mwop.net/"
                }
            ],
            "description": "PHP 5.3 Mustache Implementation",
            "homepage": "http://wiki.github.com/weierophinney/phly_mustache/",
            "keywords": [
                "mustache"
            ]
        },
        {
            "name": "pminnieur/sprites",
            "version": "dev-assetic",
            "source": {
                "type": "git",
                "url": "https://github.com/pminnieur/sprites",
                "reference": "d13ff5760f1865a7e2eca67b4d692680aa97827a"
            },
            "dist": {
                "type": "zip",
                "url": "https://github.com/pminnieur/sprites/archive/d13ff5760f1865a7e2eca67b4d692680aa97827a.zip",
                "reference": "d13ff5760f1865a7e2eca67b4d692680aa97827a",
                "shasum": ""
            },
            "require": {
                "php": ">=5.3.2",
                "phly/mustache": "1.0.*",
                "imagine/imagine": "0.2.*",
                "symfony/console": ">=2.0,<2.2",
                "symfony/finder": ">=2.0,<2.2"
            },
            "require-dev": {
                "kriswallsmith/assetic": "1.0.*"
            },
            "suggest": {
                "kriswallsmith/assetic": "Asset Management for PHP 5.3"
            },
            "time": "2012-05-18 08:31:55",
            "type": "library",
            "autoload": {
                "psr-0": {
                    "Sprites": "src"
                }
            },
            "notification-url": "https://packagist.org/downloads/",
            "license": [
                "MIT"
            ],
            "authors": [
                {
                    "name": "Pierre Minnieur",
                    "email": "pm@pierre-minnieur.de",
                    "homepage": "http://pierre-minnieur.de/"
                }
            ],
            "description": "A simple image sprite and stylesheet generator.",
            "homepage": "http://sprites.readthedocs.org/",
            "keywords": [
                "sprites"
            ]
        },
        {
            "name": "pminnieur/sprites-bundle",
            "version": "dev-master",
            "target-dir": "Pminnieur/SpritesBundle",
            "source": {
                "type": "git",
                "url": "git://github.com/pminnieur/SpritesBundle.git",
                "reference": "2675ce56a45d377eb1ab92b1bf78c40d544da6fa"
            },
            "dist": {
                "type": "zip",
                "url": "https://github.com/pminnieur/SpritesBundle/archive/2675ce56a45d377eb1ab92b1bf78c40d544da6fa.zip",
                "reference": "2675ce56a45d377eb1ab92b1bf78c40d544da6fa",
                "shasum": ""
            },
            "require": {
                "php": ">=5.3.2",
                "pminnieur/sprites": "dev-assetic",
                "symfony/symfony": "2.*"
            },
            "time": "2013-01-28 19:42:44",
            "type": "symfony-bundle",
            "autoload": {
                "psr-0": {
                    "Pminnieur\\SpritesBundle": ""
                }
            },
            "notification-url": "https://packagist.org/downloads/",
            "license": [
                "MIT"
            ],
            "authors": [
                {
                    "name": "Pierre Minnieur",
                    "email": "pm@pierre-minnieur.de",
                    "homepage": "http://pierre-minnieur.de/"
                },
                {
                    "name": "David Buchmann",
                    "email": "mail@davidbu.ch"
                }
            ],
            "description": "Symfony bundle for the simple image sprite and stylesheet generator.",
            "homepage": "http://sprites.readthedocs.org/",
            "keywords": [
                "sprites"
            ]
        },
        {
            "name": "sensio/distribution-bundle",
            "version": "2.1.x-dev",
            "target-dir": "Sensio/Bundle/DistributionBundle",
            "source": {
                "type": "git",
                "url": "https://github.com/sensio/SensioDistributionBundle",
                "reference": "v2.1.7"
            },
            "dist": {
                "type": "zip",
                "url": "https://github.com/sensio/SensioDistributionBundle/archive/v2.1.7.zip",
                "reference": "v2.1.7",
                "shasum": ""
            },
            "require": {
                "symfony/framework-bundle": "2.1.*"
            },
            "time": "2013-01-04 17:11:22",
            "type": "symfony-bundle",
            "extra": {
                "branch-alias": {
                    "dev-master": "2.1.x-dev"
                }
            },
            "autoload": {
                "psr-0": {
                    "Sensio\\Bundle\\DistributionBundle": ""
                }
            },
            "notification-url": "https://packagist.org/downloads/",
            "license": [
                "MIT"
            ],
            "authors": [
                {
                    "name": "Fabien Potencier",
                    "email": "fabien@symfony.com"
                }
            ],
            "description": "The base bundle for the Symfony Distributions",
            "keywords": [
                "distribution",
                "configuration"
            ]
        },
        {
            "name": "sensio/framework-extra-bundle",
            "version": "2.1.x-dev",
            "target-dir": "Sensio/Bundle/FrameworkExtraBundle",
            "source": {
                "type": "git",
                "url": "https://github.com/sensio/SensioFrameworkExtraBundle",
                "reference": "v2.1.7"
            },
            "dist": {
                "type": "zip",
                "url": "https://github.com/sensio/SensioFrameworkExtraBundle/archive/v2.1.7.zip",
                "reference": "v2.1.7",
                "shasum": ""
            },
            "require": {
                "symfony/framework-bundle": "2.1.*",
                "doctrine/common": ">=2.1,<2.4-dev"
            },
            "time": "2013-01-04 17:06:26",
            "type": "symfony-bundle",
            "extra": {
                "branch-alias": {
                    "dev-master": "2.1.x-dev"
                }
            },
            "autoload": {
                "psr-0": {
                    "Sensio\\Bundle\\FrameworkExtraBundle": ""
                }
            },
            "notification-url": "https://packagist.org/downloads/",
            "license": [
                "MIT"
            ],
            "authors": [
                {
                    "name": "Fabien Potencier",
                    "email": "fabien@symfony.com"
                }
            ],
            "description": "This bundle provides a way to configure your controllers with annotations",
            "keywords": [
                "annotations",
                "controllers"
            ]
        },
        {
            "name": "sensio/generator-bundle",
            "version": "2.1.x-dev",
            "target-dir": "Sensio/Bundle/GeneratorBundle",
            "source": {
                "type": "git",
                "url": "https://github.com/sensio/SensioGeneratorBundle",
                "reference": "v2.1.7"
            },
            "dist": {
                "type": "zip",
                "url": "https://github.com/sensio/SensioGeneratorBundle/archive/v2.1.7.zip",
                "reference": "v2.1.7",
                "shasum": ""
            },
            "require": {
                "symfony/framework-bundle": "2.1.*",
                "symfony/console": "2.1.*"
            },
            "require-dev": {
                "symfony/doctrine-bridge": "2.1.*",
                "doctrine/orm": ">=2.1,<2.4-dev",
                "twig/twig": ">=1.8,<2.0-dev"
            },
            "time": "2013-01-04 17:09:08",
            "type": "symfony-bundle",
            "extra": {
                "branch-alias": {
                    "dev-master": "2.1.x-dev"
                }
            },
            "autoload": {
                "psr-0": {
                    "Sensio\\Bundle\\GeneratorBundle": ""
                }
            },
            "notification-url": "https://packagist.org/downloads/",
            "license": [
                "MIT"
            ],
            "authors": [
                {
                    "name": "Fabien Potencier",
                    "email": "fabien@symfony.com"
                }
            ],
            "description": "This bundle generates code for you"
        },
        {
            "name": "symfony/assetic-bundle",
            "version": "dev-master",
            "target-dir": "Symfony/Bundle/AsseticBundle",
            "source": {
                "type": "git",
                "url": "https://github.com/symfony/AsseticBundle",
                "reference": "f65ce4736fa79c60fdfc9805abb38aaaef728e95"
            },
            "dist": {
                "type": "zip",
                "url": "https://github.com/symfony/AsseticBundle/archive/f65ce4736fa79c60fdfc9805abb38aaaef728e95.zip",
                "reference": "f65ce4736fa79c60fdfc9805abb38aaaef728e95",
                "shasum": ""
            },
            "require": {
                "php": ">=5.3.0",
                "kriswallsmith/assetic": "1.1.*",
                "symfony/framework-bundle": ">=2.1.0,<2.3-dev"
            },
            "require-dev": {
                "symfony/twig-bundle": ">=2.1.0,<2.3-dev",
                "symfony/console": ">=2.1.0,<2.3-dev",
                "symfony/class-loader": ">=2.1.0,<2.3-dev",
                "symfony/yaml": ">=2.1.0,<2.3-dev",
                "symfony/form": ">=2.1.0,<2.3-dev",
                "symfony/dom-crawler": ">=2.1.0,<2.3-dev",
                "symfony/css-selector": ">=2.1.0,<2.3-dev"
            },
            "suggest": {
                "symfony/twig-bundle": ">=2.1.0,<2.3-dev"
            },
            "time": "2013-01-26 01:02:24",
            "type": "symfony-bundle",
            "extra": {
                "branch-alias": {
                    "dev-master": "2.1.x-dev"
                }
            },
            "autoload": {
                "psr-0": {
                    "Symfony\\Bundle\\AsseticBundle": ""
                }
            },
            "notification-url": "https://packagist.org/downloads/",
            "license": [
                "MIT"
            ],
            "authors": [
                {
                    "name": "Kris Wallsmith",
                    "email": "kris.wallsmith@gmail.com",
                    "homepage": "http://kriswallsmith.net/"
                }
            ],
            "description": "Integrates Assetic into Symfony2",
            "homepage": "https://github.com/symfony/AsseticBundle",
            "keywords": [
                "assets",
                "compression",
                "minification"
            ]
        },
        {
            "name": "symfony/monolog-bundle",
            "version": "2.1.x-dev",
            "target-dir": "Symfony/Bundle/MonologBundle",
            "source": {
                "type": "git",
                "url": "https://github.com/symfony/MonologBundle",
                "reference": "253fcda1128a0301aa68d040302cade65095f2c6"
            },
            "dist": {
                "type": "zip",
                "url": "https://github.com/symfony/MonologBundle/archive/253fcda1128a0301aa68d040302cade65095f2c6.zip",
                "reference": "253fcda1128a0301aa68d040302cade65095f2c6",
                "shasum": ""
            },
            "require": {
                "php": ">=5.3.2",
                "symfony/dependency-injection": ">=2.1.0,<2.3-dev",
                "symfony/config": ">=2.1.0,<2.3-dev",
                "monolog/monolog": ">=1.0,<1.3-dev",
                "symfony/monolog-bridge": "2.1.*"
            },
            "require-dev": {
                "symfony/yaml": ">=2.1.0,<2.3-dev",
                "symfony/config": ">=2.1.0,<2.3-dev"
            },
            "time": "2013-01-28 10:06:42",
            "type": "symfony-bundle",
            "extra": {
                "branch-alias": {
                    "dev-master": "2.1.x-dev"
                }
            },
            "autoload": {
                "psr-0": {
                    "Symfony\\Bundle\\MonologBundle": ""
                }
            },
            "notification-url": "https://packagist.org/downloads/",
            "license": [
                "MIT"
            ],
            "authors": [
                {
                    "name": "Fabien Potencier",
                    "email": "fabien@symfony.com"
                },
                {
                    "name": "Symfony Community",
                    "homepage": "http://symfony.com/contributors"
                }
            ],
            "description": "Symfony MonologBundle",
            "homepage": "http://symfony.com",
            "keywords": [
                "log",
                "logging"
            ]
        },
        {
            "name": "symfony/symfony",
            "version": "2.1.x-dev",
            "source": {
                "type": "git",
                "url": "git://github.com/symfony/symfony.git",
                "reference": "6f7194802359559a6b37e1d2fe940ac902cf26cf"
            },
            "dist": {
                "type": "zip",
                "url": "https://github.com/symfony/symfony/archive/6f7194802359559a6b37e1d2fe940ac902cf26cf.zip",
                "reference": "6f7194802359559a6b37e1d2fe940ac902cf26cf",
                "shasum": ""
            },
            "require": {
                "php": ">=5.3.3",
                "doctrine/common": ">2.2,<2.4-dev",
                "twig/twig": ">=1.9.1,<2.0-dev"
            },
            "replace": {
                "symfony/doctrine-bridge": "self.version",
                "symfony/monolog-bridge": "self.version",
                "symfony/propel1-bridge": "self.version",
                "symfony/swiftmailer-bridge": "self.version",
                "symfony/twig-bridge": "self.version",
                "symfony/framework-bundle": "self.version",
                "symfony/security-bundle": "self.version",
                "symfony/twig-bundle": "self.version",
                "symfony/web-profiler-bundle": "self.version",
                "symfony/browser-kit": "self.version",
                "symfony/class-loader": "self.version",
                "symfony/config": "self.version",
                "symfony/console": "self.version",
                "symfony/css-selector": "self.version",
                "symfony/dependency-injection": "self.version",
                "symfony/dom-crawler": "self.version",
                "symfony/event-dispatcher": "self.version",
                "symfony/filesystem": "self.version",
                "symfony/finder": "self.version",
                "symfony/form": "self.version",
                "symfony/http-foundation": "self.version",
                "symfony/http-kernel": "self.version",
                "symfony/locale": "self.version",
                "symfony/options-resolver": "self.version",
                "symfony/process": "self.version",
                "symfony/routing": "self.version",
                "symfony/security": "self.version",
                "symfony/serializer": "self.version",
                "symfony/templating": "self.version",
                "symfony/translation": "self.version",
                "symfony/validator": "self.version",
                "symfony/yaml": "self.version"
            },
            "require-dev": {
                "doctrine/dbal": ">=2.2,<2.4-dev",
                "doctrine/orm": ">=2.2.3,<2.4-dev",
                "doctrine/data-fixtures": "1.0.*",
                "propel/propel1": "dev-master",
                "monolog/monolog": ">=1.0,<1.3-dev"
            },
            "time": "2013-01-27 16:12:43",
            "type": "library",
            "autoload": {
                "psr-0": {
                    "Symfony": "src/",
                    "SessionHandlerInterface": "src/Symfony/Component/HttpFoundation/Resources/stubs"
                }
            },
            "notification-url": "https://packagist.org/downloads/",
            "license": [
                "MIT"
            ],
            "authors": [
                {
                    "name": "Fabien Potencier",
                    "email": "fabien@symfony.com"
                },
                {
                    "name": "Symfony Community",
                    "homepage": "http://symfony.com/contributors"
                }
            ],
            "description": "The Symfony PHP framework",
            "homepage": "http://symfony.com",
            "keywords": [
                "framework"
            ]
        },
        {
            "name": "twig/extensions",
            "version": "dev-master",
            "source": {
                "type": "git",
                "url": "https://github.com/fabpot/Twig-extensions",
                "reference": "5c2d515d4624bdd588226d688173cf0399a4d8cf"
            },
            "dist": {
                "type": "zip",
                "url": "https://github.com/fabpot/Twig-extensions/archive/5c2d515d4624bdd588226d688173cf0399a4d8cf.zip",
                "reference": "5c2d515d4624bdd588226d688173cf0399a4d8cf",
                "shasum": ""
            },
            "require": {
                "twig/twig": "1.*"
            },
            "time": "2013-01-04 16:55:05",
            "type": "library",
            "extra": {
                "branch-alias": {
                    "dev-master": "1.0.x-dev"
                }
            },
            "autoload": {
                "psr-0": {
                    "Twig_Extensions_": "lib/"
                }
            },
            "notification-url": "https://packagist.org/downloads/",
            "license": [
                "MIT"
            ],
            "authors": [
                {
                    "name": "Fabien Potencier",
                    "email": "fabien@symfony.com"
                }
            ],
            "description": "Common additional features for Twig that do not directly belong in core",
            "homepage": "https://github.com/fabpot/Twig-extensions",
            "keywords": [
                "debug",
                "i18n",
                "text"
            ]
        },
        {
            "name": "twig/twig",
            "version": "dev-master",
            "source": {
                "type": "git",
                "url": "git://github.com/fabpot/Twig.git",
                "reference": "eaadcca54b888db779a355e449a16dd8c7760e11"
            },
            "dist": {
                "type": "zip",
                "url": "https://github.com/fabpot/Twig/archive/eaadcca54b888db779a355e449a16dd8c7760e11.zip",
                "reference": "eaadcca54b888db779a355e449a16dd8c7760e11",
                "shasum": ""
            },
            "require": {
                "php": ">=5.2.4"
            },
            "time": "2013-01-27 16:32:04",
            "type": "library",
            "extra": {
                "branch-alias": {
                    "dev-master": "1.12-dev"
                }
            },
            "autoload": {
                "psr-0": {
                    "Twig_": "lib/"
                }
            },
            "notification-url": "https://packagist.org/downloads/",
            "license": [
                "BSD-3"
            ],
            "authors": [
                {
                    "name": "Fabien Potencier",
                    "email": "fabien@symfony.com"
                },
                {
                    "name": "Armin Ronacher",
                    "email": "armin.ronacher@active-4.com"
                }
            ],
            "description": "Twig, the flexible, fast, and secure template language for PHP",
            "homepage": "http://twig.sensiolabs.org",
            "keywords": [
                "templating"
            ]
        }
    ],
    "packages-dev": null,
    "aliases": [

    ],
    "minimum-stability": "dev",
    "stability-flags": {
        "twig/extensions": 20,
        "kriswallsmith/assetic": 20,
        "pminnieur/sprites-bundle": 20
    }
}
